// !$*UTF8*$!
{
	archiveVersion = 1;
	classes = {
	};
	objectVersion = 56;
	objects = {

/* Begin PBXBuildFile section */
		AC9020942923A457002625BC /* EthWalletManagerAppApp.swift in Sources */ = {isa = PBXBuildFile; fileRef = AC9020932923A457002625BC /* EthWalletManagerAppApp.swift */; };
		AC9020962923A457002625BC /* ContentView.swift in Sources */ = {isa = PBXBuildFile; fileRef = AC9020952923A457002625BC /* ContentView.swift */; };
		AC9020982923A458002625BC /* Assets.xcassets in Resources */ = {isa = PBXBuildFile; fileRef = AC9020972923A458002625BC /* Assets.xcassets */; };
		AC90209B2923A458002625BC /* Preview Assets.xcassets in Resources */ = {isa = PBXBuildFile; fileRef = AC90209A2923A458002625BC /* Preview Assets.xcassets */; };
		AC9020A52923A458002625BC /* EthWalletManagerAppTests.swift in Sources */ = {isa = PBXBuildFile; fileRef = AC9020A42923A458002625BC /* EthWalletManagerAppTests.swift */; };
		AC9020AF2923A458002625BC /* EthWalletManagerAppUITests.swift in Sources */ = {isa = PBXBuildFile; fileRef = AC9020AE2923A458002625BC /* EthWalletManagerAppUITests.swift */; };
		AC9020B12923A458002625BC /* EthWalletManagerAppUITestsLaunchTests.swift in Sources */ = {isa = PBXBuildFile; fileRef = AC9020B02923A458002625BC /* EthWalletManagerAppUITestsLaunchTests.swift */; };
/* End PBXBuildFile section */

/* Begin PBXContainerItemProxy section */
		AC9020A12923A458002625BC /* PBXContainerItemProxy */ = {
			isa = PBXContainerItemProxy;
			containerPortal = AC9020882923A457002625BC /* Project object */;
			proxyType = 1;
			remoteGlobalIDString = AC90208F2923A457002625BC;
			remoteInfo = EthWalletManagerApp;
		};
		AC9020AB2923A458002625BC /* PBXContainerItemProxy */ = {
			isa = PBXContainerItemProxy;
			containerPortal = AC9020882923A457002625BC /* Project object */;
			proxyType = 1;
			remoteGlobalIDString = AC90208F2923A457002625BC;
			remoteInfo = EthWalletManagerApp;
		};
/* End PBXContainerItemProxy section */

/* Begin PBXFileReference section */
		AC9020902923A457002625BC /* EthWalletManagerApp.app */ = {isa = PBXFileReference; explicitFileType = wrapper.application; includeInIndex = 0; path = EthWalletManagerApp.app; sourceTree = BUILT_PRODUCTS_DIR; };
		AC9020932923A457002625BC /* EthWalletManagerAppApp.swift */ = {isa = PBXFileReference; lastKnownFileType = sourcecode.swift; path = EthWalletManagerAppApp.swift; sourceTree = "<group>"; };
		AC9020952923A457002625BC /* ContentView.swift */ = {isa = PBXFileReference; lastKnownFileType = sourcecode.swift; path = ContentView.swift; sourceTree = "<group>"; };
		AC9020972923A458002625BC /* Assets.xcassets */ = {isa = PBXFileReference; lastKnownFileType = folder.assetcatalog; path = Assets.xcassets; sourceTree = "<group>"; };
		AC90209A2923A458002625BC /* Preview Assets.xcassets */ = {isa = PBXFileReference; lastKnownFileType = folder.assetcatalog; path = "Preview Assets.xcassets"; sourceTree = "<group>"; };
		AC9020A02923A458002625BC /* EthWalletManagerAppTests.xctest */ = {isa = PBXFileReference; explicitFileType = wrapper.cfbundle; includeInIndex = 0; path = EthWalletManagerAppTests.xctest; sourceTree = BUILT_PRODUCTS_DIR; };
		AC9020A42923A458002625BC /* EthWalletManagerAppTests.swift */ = {isa = PBXFileReference; lastKnownFileType = sourcecode.swift; path = EthWalletManagerAppTests.swift; sourceTree = "<group>"; };
		AC9020AA2923A458002625BC /* EthWalletManagerAppUITests.xctest */ = {isa = PBXFileReference; explicitFileType = wrapper.cfbundle; includeInIndex = 0; path = EthWalletManagerAppUITests.xctest; sourceTree = BUILT_PRODUCTS_DIR; };
		AC9020AE2923A458002625BC /* EthWalletManagerAppUITests.swift */ = {isa = PBXFileReference; lastKnownFileType = sourcecode.swift; path = EthWalletManagerAppUITests.swift; sourceTree = "<group>"; };
		AC9020B02923A458002625BC /* EthWalletManagerAppUITestsLaunchTests.swift */ = {isa = PBXFileReference; lastKnownFileType = sourcecode.swift; path = EthWalletManagerAppUITestsLaunchTests.swift; sourceTree = "<group>"; };
/* End PBXFileReference section */

/* Begin PBXFrameworksBuildPhase section */
		AC90208D2923A457002625BC /* Frameworks */ = {
			isa = PBXFrameworksBuildPhase;
			buildActionMask = 2147483647;
			files = (
			);
			runOnlyForDeploymentPostprocessing = 0;
		};
		AC90209D2923A458002625BC /* Frameworks */ = {
			isa = PBXFrameworksBuildPhase;
			buildActionMask = 2147483647;
			files = (
			);
			runOnlyForDeploymentPostprocessing = 0;
		};
		AC9020A72923A458002625BC /* Frameworks */ = {
			isa = PBXFrameworksBuildPhase;
			buildActionMask = 2147483647;
			files = (
			);
			runOnlyForDeploymentPostprocessing = 0;
		};
/* End PBXFrameworksBuildPhase section */

/* Begin PBXGroup section */
		AC9020872923A457002625BC = {
			isa = PBXGroup;
			children = (
				AC9020922923A457002625BC /* EthWalletManagerApp */,
				AC9020A32923A458002625BC /* EthWalletManagerAppTests */,
				AC9020AD2923A458002625BC /* EthWalletManagerAppUITests */,
				AC9020912923A457002625BC /* Products */,
			);
			sourceTree = "<group>";
		};
		AC9020912923A457002625BC /* Products */ = {
			isa = PBXGroup;
			children = (
				AC9020902923A457002625BC /* EthWalletManagerApp.app */,
				AC9020A02923A458002625BC /* EthWalletManagerAppTests.xctest */,
				AC9020AA2923A458002625BC /* EthWalletManagerAppUITests.xctest */,
			);
			name = Products;
			sourceTree = "<group>";
		};
		AC9020922923A457002625BC /* EthWalletManagerApp */ = {
			isa = PBXGroup;
			children = (
				AC9020932923A457002625BC /* EthWalletManagerAppApp.swift */,
				AC9020952923A457002625BC /* ContentView.swift */,
				AC9020972923A458002625BC /* Assets.xcassets */,
				AC9020992923A458002625BC /* Preview Content */,
			);
			path = EthWalletManagerApp;
			sourceTree = "<group>";
		};
		AC9020992923A458002625BC /* Preview Content */ = {
			isa = PBXGroup;
			children = (
				AC90209A2923A458002625BC /* Preview Assets.xcassets */,
			);
			path = "Preview Content";
			sourceTree = "<group>";
		};
		AC9020A32923A458002625BC /* EthWalletManagerAppTests */ = {
			isa = PBXGroup;
			children = (
				AC9020A42923A458002625BC /* EthWalletManagerAppTests.swift */,
			);
			path = EthWalletManagerAppTests;
			sourceTree = "<group>";
		};
		AC9020AD2923A458002625BC /* EthWalletManagerAppUITests */ = {
			isa = PBXGroup;
			children = (
				AC9020AE2923A458002625BC /* EthWalletManagerAppUITests.swift */,
				AC9020B02923A458002625BC /* EthWalletManagerAppUITestsLaunchTests.swift */,
			);
			path = EthWalletManagerAppUITests;
			sourceTree = "<group>";
		};
/* End PBXGroup section */

/* Begin PBXNativeTarget section */
		AC90208F2923A457002625BC /* EthWalletManagerApp */ = {
			isa = PBXNativeTarget;
			buildConfigurationList = AC9020B42923A458002625BC /* Build configuration list for PBXNativeTarget "EthWalletManagerApp" */;
			buildPhases = (
				AC90208C2923A457002625BC /* Sources */,
				AC90208D2923A457002625BC /* Frameworks */,
				AC90208E2923A457002625BC /* Resources */,
			);
			buildRules = (
			);
			dependencies = (
			);
			name = EthWalletManagerApp;
			productName = EthWalletManagerApp;
			productReference = AC9020902923A457002625BC /* EthWalletManagerApp.app */;
			productType = "com.apple.product-type.application";
		};
		AC90209F2923A458002625BC /* EthWalletManagerAppTests */ = {
			isa = PBXNativeTarget;
			buildConfigurationList = AC9020B72923A458002625BC /* Build configuration list for PBXNativeTarget "EthWalletManagerAppTests" */;
			buildPhases = (
				AC90209C2923A458002625BC /* Sources */,
				AC90209D2923A458002625BC /* Frameworks */,
				AC90209E2923A458002625BC /* Resources */,
			);
			buildRules = (
			);
			dependencies = (
				AC9020A22923A458002625BC /* PBXTargetDependency */,
			);
			name = EthWalletManagerAppTests;
			productName = EthWalletManagerAppTests;
			productReference = AC9020A02923A458002625BC /* EthWalletManagerAppTests.xctest */;
			productType = "com.apple.product-type.bundle.unit-test";
		};
		AC9020A92923A458002625BC /* EthWalletManagerAppUITests */ = {
			isa = PBXNativeTarget;
			buildConfigurationList = AC9020BA2923A458002625BC /* Build configuration list for PBXNativeTarget "EthWalletManagerAppUITests" */;
			buildPhases = (
				AC9020A62923A458002625BC /* Sources */,
				AC9020A72923A458002625BC /* Frameworks */,
				AC9020A82923A458002625BC /* Resources */,
			);
			buildRules = (
			);
			dependencies = (
				AC9020AC2923A458002625BC /* PBXTargetDependency */,
			);
			name = EthWalletManagerAppUITests;
			productName = EthWalletManagerAppUITests;
			productReference = AC9020AA2923A458002625BC /* EthWalletManagerAppUITests.xctest */;
			productType = "com.apple.product-type.bundle.ui-testing";
		};
/* End PBXNativeTarget section */

/* Begin PBXProject section */
		AC9020882923A457002625BC /* Project object */ = {
			isa = PBXProject;
			attributes = {
				BuildIndependentTargetsInParallel = 1;
				LastSwiftUpdateCheck = 1410;
				LastUpgradeCheck = 1410;
				TargetAttributes = {
					AC90208F2923A457002625BC = {
						CreatedOnToolsVersion = 14.1;
					};
					AC90209F2923A458002625BC = {
						CreatedOnToolsVersion = 14.1;
						TestTargetID = AC90208F2923A457002625BC;
					};
					AC9020A92923A458002625BC = {
						CreatedOnToolsVersion = 14.1;
						TestTargetID = AC90208F2923A457002625BC;
					};
				};
			};
			buildConfigurationList = AC90208B2923A457002625BC /* Build configuration list for PBXProject "EthWalletManagerApp" */;
			compatibilityVersion = "Xcode 14.0";
			developmentRegion = en;
			hasScannedForEncodings = 0;
			knownRegions = (
				en,
				Base,
			);
			mainGroup = AC9020872923A457002625BC;
			productRefGroup = AC9020912923A457002625BC /* Products */;
			projectDirPath = "";
			projectRoot = "";
			targets = (
				AC90208F2923A457002625BC /* EthWalletManagerApp */,
				AC90209F2923A458002625BC /* EthWalletManagerAppTests */,
				AC9020A92923A458002625BC /* EthWalletManagerAppUITests */,
			);
		};
/* End PBXProject section */

/* Begin PBXResourcesBuildPhase section */
		AC90208E2923A457002625BC /* Resources */ = {
			isa = PBXResourcesBuildPhase;
			buildActionMask = 2147483647;
			files = (
				AC90209B2923A458002625BC /* Preview Assets.xcassets in Resources */,
				AC9020982923A458002625BC /* Assets.xcassets in Resources */,
			);
			runOnlyForDeploymentPostprocessing = 0;
		};
		AC90209E2923A458002625BC /* Resources */ = {
			isa = PBXResourcesBuildPhase;
			buildActionMask = 2147483647;
			files = (
			);
			runOnlyForDeploymentPostprocessing = 0;
		};
		AC9020A82923A458002625BC /* Resources */ = {
			isa = PBXResourcesBuildPhase;
			buildActionMask = 2147483647;
			files = (
			);
			runOnlyForDeploymentPostprocessing = 0;
		};
/* End PBXResourcesBuildPhase section */

/* Begin PBXSourcesBuildPhase section */
		AC90208C2923A457002625BC /* Sources */ = {
			isa = PBXSourcesBuildPhase;
			buildActionMask = 2147483647;
			files = (
				AC9020962923A457002625BC /* ContentView.swift in Sources */,
				AC9020942923A457002625BC /* EthWalletManagerAppApp.swift in Sources */,
			);
			runOnlyForDeploymentPostprocessing = 0;
		};
		AC90209C2923A458002625BC /* Sources */ = {
			isa = PBXSourcesBuildPhase;
			buildActionMask = 2147483647;
			files = (
				AC9020A52923A458002625BC /* EthWalletManagerAppTests.swift in Sources */,
			);
			runOnlyForDeploymentPostprocessing = 0;
		};
		AC9020A62923A458002625BC /* Sources */ = {
			isa = PBXSourcesBuildPhase;
			buildActionMask = 2147483647;
			files = (
				AC9020AF2923A458002625BC /* EthWalletManagerAppUITests.swift in Sources */,
				AC9020B12923A458002625BC /* EthWalletManagerAppUITestsLaunchTests.swift in Sources */,
			);
			runOnlyForDeploymentPostprocessing = 0;
		};
/* End PBXSourcesBuildPhase section */

/* Begin PBXTargetDependency section */
		AC9020A22923A458002625BC /* PBXTargetDependency */ = {
			isa = PBXTargetDependency;
			target = AC90208F2923A457002625BC /* EthWalletManagerApp */;
			targetProxy = AC9020A12923A458002625BC /* PBXContainerItemProxy */;
		};
		AC9020AC2923A458002625BC /* PBXTargetDependency */ = {
			isa = PBXTargetDependency;
			target = AC90208F2923A457002625BC /* EthWalletManagerApp */;
			targetProxy = AC9020AB2923A458002625BC /* PBXContainerItemProxy */;
		};
/* End PBXTargetDependency section */

/* Begin XCBuildConfiguration section */
		AC9020B22923A458002625BC /* Debug */ = {
			isa = XCBuildConfiguration;
			buildSettings = {
				ALWAYS_SEARCH_USER_PATHS = NO;
				CLANG_ANALYZER_NONNULL = YES;
				CLANG_ANALYZER_NUMBER_OBJECT_CONVERSION = YES_AGGRESSIVE;
				CLANG_CXX_LANGUAGE_STANDARD = "gnu++20";
				CLANG_ENABLE_MODULES = YES;
				CLANG_ENABLE_OBJC_ARC = YES;
				CLANG_ENABLE_OBJC_WEAK = YES;
				CLANG_WARN_BLOCK_CAPTURE_AUTORELEASING = YES;
				CLANG_WARN_BOOL_CONVERSION = YES;
				CLANG_WARN_COMMA = YES;
				CLANG_WARN_CONSTANT_CONVERSION = YES;
				CLANG_WARN_DEPRECATED_OBJC_IMPLEMENTATIONS = YES;
				CLANG_WARN_DIRECT_OBJC_ISA_USAGE = YES_ERROR;
				CLANG_WARN_DOCUMENTATION_COMMENTS = YES;
				CLANG_WARN_EMPTY_BODY = YES;
				CLANG_WARN_ENUM_CONVERSION = YES;
				CLANG_WARN_INFINITE_RECURSION = YES;
				CLANG_WARN_INT_CONVERSION = YES;
				CLANG_WARN_NON_LITERAL_NULL_CONVERSION = YES;
				CLANG_WARN_OBJC_IMPLICIT_RETAIN_SELF = YES;
				CLANG_WARN_OBJC_LITERAL_CONVERSION = YES;
				CLANG_WARN_OBJC_ROOT_CLASS = YES_ERROR;
				CLANG_WARN_QUOTED_INCLUDE_IN_FRAMEWORK_HEADER = YES;
				CLANG_WARN_RANGE_LOOP_ANALYSIS = YES;
				CLANG_WARN_STRICT_PROTOTYPES = YES;
				CLANG_WARN_SUSPICIOUS_MOVE = YES;
				CLANG_WARN_UNGUARDED_AVAILABILITY = YES_AGGRESSIVE;
				CLANG_WARN_UNREACHABLE_CODE = YES;
				CLANG_WARN__DUPLICATE_METHOD_MATCH = YES;
				COPY_PHASE_STRIP = NO;
				DEBUG_INFORMATION_FORMAT = dwarf;
				ENABLE_STRICT_OBJC_MSGSEND = YES;
				ENABLE_TESTABILITY = YES;
				GCC_C_LANGUAGE_STANDARD = gnu11;
				GCC_DYNAMIC_NO_PIC = NO;
				GCC_NO_COMMON_BLOCKS = YES;
				GCC_OPTIMIZATION_LEVEL = 0;
				GCC_PREPROCESSOR_DEFINITIONS = (
					"DEBUG=1",
					"$(inherited)",
				);
				GCC_WARN_64_TO_32_BIT_CONVERSION = YES;
				GCC_WARN_ABOUT_RETURN_TYPE = YES_ERROR;
				GCC_WARN_UNDECLARED_SELECTOR = YES;
				GCC_WARN_UNINITIALIZED_AUTOS = YES_AGGRESSIVE;
				GCC_WARN_UNUSED_FUNCTION = YES;
				GCC_WARN_UNUSED_VARIABLE = YES;
				IPHONEOS_DEPLOYMENT_TARGET = 16.1;
				MTL_ENABLE_DEBUG_INFO = INCLUDE_SOURCE;
				MTL_FAST_MATH = YES;
				ONLY_ACTIVE_ARCH = YES;
				SDKROOT = iphoneos;
				SWIFT_ACTIVE_COMPILATION_CONDITIONS = DEBUG;
				SWIFT_OPTIMIZATION_LEVEL = "-Onone";
			};
			name = Debug;
		};
		AC9020B32923A458002625BC /* Release */ = {
			isa = XCBuildConfiguration;
			buildSettings = {
				ALWAYS_SEARCH_USER_PATHS = NO;
				CLANG_ANALYZER_NONNULL = YES;
				CLANG_ANALYZER_NUMBER_OBJECT_CONVERSION = YES_AGGRESSIVE;
				CLANG_CXX_LANGUAGE_STANDARD = "gnu++20";
				CLANG_ENABLE_MODULES = YES;
				CLANG_ENABLE_OBJC_ARC = YES;
				CLANG_ENABLE_OBJC_WEAK = YES;
				CLANG_WARN_BLOCK_CAPTURE_AUTORELEASING = YES;
				CLANG_WARN_BOOL_CONVERSION = YES;
				CLANG_WARN_COMMA = YES;
				CLANG_WARN_CONSTANT_CONVERSION = YES;
				CLANG_WARN_DEPRECATED_OBJC_IMPLEMENTATIONS = YES;
				CLANG_WARN_DIRECT_OBJC_ISA_USAGE = YES_ERROR;
				CLANG_WARN_DOCUMENTATION_COMMENTS = YES;
				CLANG_WARN_EMPTY_BODY = YES;
				CLANG_WARN_ENUM_CONVERSION = YES;
				CLANG_WARN_INFINITE_RECURSION = YES;
				CLANG_WARN_INT_CONVERSION = YES;
				CLANG_WARN_NON_LITERAL_NULL_CONVERSION = YES;
				CLANG_WARN_OBJC_IMPLICIT_RETAIN_SELF = YES;
				CLANG_WARN_OBJC_LITERAL_CONVERSION = YES;
				CLANG_WARN_OBJC_ROOT_CLASS = YES_ERROR;
				CLANG_WARN_QUOTED_INCLUDE_IN_FRAMEWORK_HEADER = YES;
				CLANG_WARN_RANGE_LOOP_ANALYSIS = YES;
				CLANG_WARN_STRICT_PROTOTYPES = YES;
				CLANG_WARN_SUSPICIOUS_MOVE = YES;
				CLANG_WARN_UNGUARDED_AVAILABILITY = YES_AGGRESSIVE;
				CLANG_WARN_UNREACHABLE_CODE = YES;
				CLANG_WARN__DUPLICATE_METHOD_MATCH = YES;
				COPY_PHASE_STRIP = NO;
				DEBUG_INFORMATION_FORMAT = "dwarf-with-dsym";
				ENABLE_NS_ASSERTIONS = NO;
				ENABLE_STRICT_OBJC_MSGSEND = YES;
				GCC_C_LANGUAGE_STANDARD = gnu11;
				GCC_NO_COMMON_BLOCKS = YES;
				GCC_WARN_64_TO_32_BIT_CONVERSION = YES;
				GCC_WARN_ABOUT_RETURN_TYPE = YES_ERROR;
				GCC_WARN_UNDECLARED_SELECTOR = YES;
				GCC_WARN_UNINITIALIZED_AUTOS = YES_AGGRESSIVE;
				GCC_WARN_UNUSED_FUNCTION = YES;
				GCC_WARN_UNUSED_VARIABLE = YES;
				IPHONEOS_DEPLOYMENT_TARGET = 16.1;
				MTL_ENABLE_DEBUG_INFO = NO;
				MTL_FAST_MATH = YES;
				SDKROOT = iphoneos;
				SWIFT_COMPILATION_MODE = wholemodule;
				SWIFT_OPTIMIZATION_LEVEL = "-O";
				VALIDATE_PRODUCT = YES;
			};
			name = Release;
		};
		AC9020B52923A458002625BC /* Debug */ = {
			isa = XCBuildConfiguration;
			buildSettings = {
				ASSETCATALOG_COMPILER_APPICON_NAME = AppIcon;
				ASSETCATALOG_COMPILER_GLOBAL_ACCENT_COLOR_NAME = AccentColor;
				CODE_SIGN_STYLE = Automatic;
				CURRENT_PROJECT_VERSION = 1;
				DEVELOPMENT_ASSET_PATHS = "\"EthWalletManagerApp/Preview Content\"";
				ENABLE_PREVIEWS = YES;
				GENERATE_INFOPLIST_FILE = YES;
				INFOPLIST_KEY_UIApplicationSceneManifest_Generation = YES;
				INFOPLIST_KEY_UIApplicationSupportsIndirectInputEvents = YES;
				INFOPLIST_KEY_UILaunchScreen_Generation = YES;
				INFOPLIST_KEY_UISupportedInterfaceOrientations_iPad = "UIInterfaceOrientationPortrait UIInterfaceOrientationPortraitUpsideDown UIInterfaceOrientationLandscapeLeft UIInterfaceOrientationLandscapeRight";
				INFOPLIST_KEY_UISupportedInterfaceOrientations_iPhone = "UIInterfaceOrientationPortrait UIInterfaceOrientationLandscapeLeft UIInterfaceOrientationLandscapeRight";
				LD_RUNPATH_SEARCH_PATHS = (
					"$(inherited)",
					"@executable_path/Frameworks",
				);
				MARKETING_VERSION = 1.0;
				PRODUCT_BUNDLE_IDENTIFIER = sl.EthWalletManagerApp;
				PRODUCT_NAME = "$(TARGET_NAME)";
				SWIFT_EMIT_LOC_STRINGS = YES;
				SWIFT_VERSION = 5.0;
				TARGETED_DEVICE_FAMILY = "1,2";
			};
			name = Debug;
		};
		AC9020B62923A458002625BC /* Release */ = {
			isa = XCBuildConfiguration;
			buildSettings = {
				ASSETCATALOG_COMPILER_APPICON_NAME = AppIcon;
				ASSETCATALOG_COMPILER_GLOBAL_ACCENT_COLOR_NAME = AccentColor;
				CODE_SIGN_STYLE = Automatic;
				CURRENT_PROJECT_VERSION = 1;
				DEVELOPMENT_ASSET_PATHS = "\"EthWalletManagerApp/Preview Content\"";
				ENABLE_PREVIEWS = YES;
				GENERATE_INFOPLIST_FILE = YES;
				INFOPLIST_KEY_UIApplicationSceneManifest_Generation = YES;
				INFOPLIST_KEY_UIApplicationSupportsIndirectInputEvents = YES;
				INFOPLIST_KEY_UILaunchScreen_Generation = YES;
				INFOPLIST_KEY_UISupportedInterfaceOrientations_iPad = "UIInterfaceOrientationPortrait UIInterfaceOrientationPortraitUpsideDown UIInterfaceOrientationLandscapeLeft UIInterfaceOrientationLandscapeRight";
				INFOPLIST_KEY_UISupportedInterfaceOrientations_iPhone = "UIInterfaceOrientationPortrait UIInterfaceOrientationLandscapeLeft UIInterfaceOrientationLandscapeRight";
				LD_RUNPATH_SEARCH_PATHS = (
					"$(inherited)",
					"@executable_path/Frameworks",
				);
				MARKETING_VERSION = 1.0;
				PRODUCT_BUNDLE_IDENTIFIER = sl.EthWalletManagerApp;
				PRODUCT_NAME = "$(TARGET_NAME)";
				SWIFT_EMIT_LOC_STRINGS = YES;
				SWIFT_VERSION = 5.0;
				TARGETED_DEVICE_FAMILY = "1,2";
			};
			name = Release;
		};
		AC9020B82923A458002625BC /* Debug */ = {
			isa = XCBuildConfiguration;
			buildSettings = {
				ALWAYS_EMBED_SWIFT_STANDARD_LIBRARIES = YES;
				BUNDLE_LOADER = "$(TEST_HOST)";
				CODE_SIGN_STYLE = Automatic;
				CURRENT_PROJECT_VERSION = 1;
				GENERATE_INFOPLIST_FILE = YES;
				IPHONEOS_DEPLOYMENT_TARGET = 16.1;
				MARKETING_VERSION = 1.0;
				PRODUCT_BUNDLE_IDENTIFIER = sl.EthWalletManagerAppTests;
				PRODUCT_NAME = "$(TARGET_NAME)";
				SWIFT_EMIT_LOC_STRINGS = NO;
				SWIFT_VERSION = 5.0;
				TARGETED_DEVICE_FAMILY = "1,2";
				TEST_HOST = "$(BUILT_PRODUCTS_DIR)/EthWalletManagerApp.app/$(BUNDLE_EXECUTABLE_FOLDER_PATH)/EthWalletManagerApp";
			};
			name = Debug;
		};
		AC9020B92923A458002625BC /* Release */ = {
			isa = XCBuildConfiguration;
			buildSettings = {
				ALWAYS_EMBED_SWIFT_STANDARD_LIBRARIES = YES;
				BUNDLE_LOADER = "$(TEST_HOST)";
				CODE_SIGN_STYLE = Automatic;
				CURRENT_PROJECT_VERSION = 1;
				GENERATE_INFOPLIST_FILE = YES;
				IPHONEOS_DEPLOYMENT_TARGET = 16.1;
				MARKETING_VERSION = 1.0;
				PRODUCT_BUNDLE_IDENTIFIER = sl.EthWalletManagerAppTests;
				PRODUCT_NAME = "$(TARGET_NAME)";
				SWIFT_EMIT_LOC_STRINGS = NO;
				SWIFT_VERSION = 5.0;
				TARGETED_DEVICE_FAMILY = "1,2";
				TEST_HOST = "$(BUILT_PRODUCTS_DIR)/EthWalletManagerApp.app/$(BUNDLE_EXECUTABLE_FOLDER_PATH)/EthWalletManagerApp";
			};
			name = Release;
		};
		AC9020BB2923A458002625BC /* Debug */ = {
			isa = XCBuildConfiguration;
			buildSettings = {
				ALWAYS_EMBED_SWIFT_STANDARD_LIBRARIES = YES;
				CODE_SIGN_STYLE = Automatic;
				CURRENT_PROJECT_VERSION = 1;
				GENERATE_INFOPLIST_FILE = YES;
				MARKETING_VERSION = 1.0;
				PRODUCT_BUNDLE_IDENTIFIER = sl.EthWalletManagerAppUITests;
				PRODUCT_NAME = "$(TARGET_NAME)";
				SWIFT_EMIT_LOC_STRINGS = NO;
				SWIFT_VERSION = 5.0;
				TARGETED_DEVICE_FAMILY = "1,2";
				TEST_TARGET_NAME = EthWalletManagerApp;
			};
			name = Debug;
		};
		AC9020BC2923A458002625BC /* Release */ = {
			isa = XCBuildConfiguration;
			buildSettings = {
				ALWAYS_EMBED_SWIFT_STANDARD_LIBRARIES = YES;
				CODE_SIGN_STYLE = Automatic;
				CURRENT_PROJECT_VERSION = 1;
				GENERATE_INFOPLIST_FILE = YES;
				MARKETING_VERSION = 1.0;
				PRODUCT_BUNDLE_IDENTIFIER = sl.EthWalletManagerAppUITests;
				PRODUCT_NAME = "$(TARGET_NAME)";
				SWIFT_EMIT_LOC_STRINGS = NO;
				SWIFT_VERSION = 5.0;
				TARGETED_DEVICE_FAMILY = "1,2";
				TEST_TARGET_NAME = EthWalletManagerApp;
			};
			name = Release;
		};
/* End XCBuildConfiguration section */

/* Begin XCConfigurationList section */
		AC90208B2923A457002625BC /* Build configuration list for PBXProject "EthWalletManagerApp" */ = {
			isa = XCConfigurationList;
			buildConfigurations = (
				AC9020B22923A458002625BC /* Debug */,
				AC9020B32923A458002625BC /* Release */,
			);
			defaultConfigurationIsVisible = 0;
			defaultConfigurationName = Release;
		};
		AC9020B42923A458002625BC /* Build configuration list for PBXNativeTarget "EthWalletManagerApp" */ = {
			isa = XCConfigurationList;
			buildConfigurations = (
				AC9020B52923A458002625BC /* Debug */,
				AC9020B62923A458002625BC /* Release */,
			);
			defaultConfigurationIsVisible = 0;
			defaultConfigurationName = Release;
		};
		AC9020B72923A458002625BC /* Build configuration list for PBXNativeTarget "EthWalletManagerAppTests" */ = {
			isa = XCConfigurationList;
			buildConfigurations = (
				AC9020B82923A458002625BC /* Debug */,
				AC9020B92923A458002625BC /* Release */,
			);
			defaultConfigurationIsVisible = 0;
			defaultConfigurationName = Release;
		};
		AC9020BA2923A458002625BC /* Build configuration list for PBXNativeTarget "EthWalletManagerAppUITests" */ = {
			isa = XCConfigurationList;
			buildConfigurations = (
				AC9020BB2923A458002625BC /* Debug */,
				AC9020BC2923A458002625BC /* Release */,
			);
			defaultConfigurationIsVisible = 0;
			defaultConfigurationName = Release;
		};
/* End XCConfigurationList section */
	};
	rootObject = AC9020882923A457002625BC /* Project object */;
}
